// !$*UTF8*$!
{
	archiveVersion = 1;
	classes = {
	};
	objectVersion = 55;
	objects = {

/* Begin PBXBuildFile section */
		DD75901B28EF6EE40002214F /* AppDelegate.swift in Sources */ = {isa = PBXBuildFile; fileRef = DD75901A28EF6EE40002214F /* AppDelegate.swift */; };
		DD75901D28EF6EE40002214F /* SceneDelegate.swift in Sources */ = {isa = PBXBuildFile; fileRef = DD75901C28EF6EE40002214F /* SceneDelegate.swift */; };
		DD75901F28EF6EE40002214F /* ViewController.swift in Sources */ = {isa = PBXBuildFile; fileRef = DD75901E28EF6EE40002214F /* ViewController.swift */; };
		DD75902228EF6EE40002214F /* Main.storyboard in Resources */ = {isa = PBXBuildFile; fileRef = DD75902028EF6EE40002214F /* Main.storyboard */; };
		DD75902528EF6EE40002214F /* Pictures_everywhere__UiKit.xcdatamodeld in Sources */ = {isa = PBXBuildFile; fileRef = DD75902328EF6EE40002214F /* Pictures_everywhere__UiKit.xcdatamodeld */; };
		DD75902728EF6EE50002214F /* Assets.xcassets in Resources */ = {isa = PBXBuildFile; fileRef = DD75902628EF6EE50002214F /* Assets.xcassets */; };
		DD75902A28EF6EE50002214F /* LaunchScreen.storyboard in Resources */ = {isa = PBXBuildFile; fileRef = DD75902828EF6EE50002214F /* LaunchScreen.storyboard */; };
/* End PBXBuildFile section */

/* Begin PBXFileReference section */
		DD75901728EF6EE40002214F /* Pictures everywhere! UiKit.app */ = {isa = PBXFileReference; explicitFileType = wrapper.application; includeInIndex = 0; path = "Pictures everywhere! UiKit.app"; sourceTree = BUILT_PRODUCTS_DIR; };
		DD75901A28EF6EE40002214F /* AppDelegate.swift */ = {isa = PBXFileReference; lastKnownFileType = sourcecode.swift; path = AppDelegate.swift; sourceTree = "<group>"; };
		DD75901C28EF6EE40002214F /* SceneDelegate.swift */ = {isa = PBXFileReference; lastKnownFileType = sourcecode.swift; path = SceneDelegate.swift; sourceTree = "<group>"; };
		DD75901E28EF6EE40002214F /* ViewController.swift */ = {isa = PBXFileReference; lastKnownFileType = sourcecode.swift; path = ViewController.swift; sourceTree = "<group>"; };
		DD75902128EF6EE40002214F /* Base */ = {isa = PBXFileReference; lastKnownFileType = file.storyboard; name = Base; path = Base.lproj/Main.storyboard; sourceTree = "<group>"; };
		DD75902428EF6EE40002214F /* Pictures_everywhere__UiKit.xcdatamodel */ = {isa = PBXFileReference; lastKnownFileType = wrapper.xcdatamodel; path = Pictures_everywhere__UiKit.xcdatamodel; sourceTree = "<group>"; };
		DD75902628EF6EE50002214F /* Assets.xcassets */ = {isa = PBXFileReference; lastKnownFileType = folder.assetcatalog; path = Assets.xcassets; sourceTree = "<group>"; };
		DD75902928EF6EE50002214F /* Base */ = {isa = PBXFileReference; lastKnownFileType = file.storyboard; name = Base; path = Base.lproj/LaunchScreen.storyboard; sourceTree = "<group>"; };
		DD75902B28EF6EE50002214F /* Info.plist */ = {isa = PBXFileReference; lastKnownFileType = text.plist.xml; path = Info.plist; sourceTree = "<group>"; };
/* End PBXFileReference section */

/* Begin PBXFrameworksBuildPhase section */
		DD75901428EF6EE40002214F /* Frameworks */ = {
			isa = PBXFrameworksBuildPhase;
			buildActionMask = 2147483647;
			files = (
			);
			runOnlyForDeploymentPostprocessing = 0;
		};
/* End PBXFrameworksBuildPhase section */

/* Begin PBXGroup section */
		DD75900E28EF6EE40002214F = {
			isa = PBXGroup;
			children = (
				DD75901928EF6EE40002214F /* Pictures everywhere! UiKit */,
				DD75901828EF6EE40002214F /* Products */,
			);
			sourceTree = "<group>";
		};
		DD75901828EF6EE40002214F /* Products */ = {
			isa = PBXGroup;
			children = (
				DD75901728EF6EE40002214F /* Pictures everywhere! UiKit.app */,
			);
			name = Products;
			sourceTree = "<group>";
		};
		DD75901928EF6EE40002214F /* Pictures everywhere! UiKit */ = {
			isa = PBXGroup;
			children = (
				DD75901A28EF6EE40002214F /* AppDelegate.swift */,
				DD75901C28EF6EE40002214F /* SceneDelegate.swift */,
				DD75901E28EF6EE40002214F /* ViewController.swift */,
				DD75902028EF6EE40002214F /* Main.storyboard */,
				DD75902628EF6EE50002214F /* Assets.xcassets */,
				DD75902828EF6EE50002214F /* LaunchScreen.storyboard */,
				DD75902B28EF6EE50002214F /* Info.plist */,
				DD75902328EF6EE40002214F /* Pictures_everywhere__UiKit.xcdatamodeld */,
			);
			path = "Pictures everywhere! UiKit";
			sourceTree = "<group>";
		};
/* End PBXGroup section */

/* Begin PBXNativeTarget section */
		DD75901628EF6EE40002214F /* Pictures everywhere! UiKit */ = {
			isa = PBXNativeTarget;
			buildConfigurationList = DD75902E28EF6EE50002214F /* Build configuration list for PBXNativeTarget "Pictures everywhere! UiKit" */;
			buildPhases = (
				DD75901328EF6EE40002214F /* Sources */,
				DD75901428EF6EE40002214F /* Frameworks */,
				DD75901528EF6EE40002214F /* Resources */,
			);
			buildRules = (
			);
			dependencies = (
			);
			name = "Pictures everywhere! UiKit";
			productName = "Pictures everywhere! UiKit";
			productReference = DD75901728EF6EE40002214F /* Pictures everywhere! UiKit.app */;
			productType = "com.apple.product-type.application";
		};
/* End PBXNativeTarget section */

/* Begin PBXProject section */
		DD75900F28EF6EE40002214F /* Project object */ = {
			isa = PBXProject;
			attributes = {
				BuildIndependentTargetsInParallel = 1;
				LastSwiftUpdateCheck = 1320;
				LastUpgradeCheck = 1320;
				TargetAttributes = {
					DD75901628EF6EE40002214F = {
						CreatedOnToolsVersion = 13.2.1;
					};
				};
			};
			buildConfigurationList = DD75901228EF6EE40002214F /* Build configuration list for PBXProject "Pictures everywhere! UiKit" */;
			compatibilityVersion = "Xcode 13.0";
			developmentRegion = en;
			hasScannedForEncodings = 0;
			knownRegions = (
				en,
				Base,
			);
			mainGroup = DD75900E28EF6EE40002214F;
			productRefGroup = DD75901828EF6EE40002214F /* Products */;
			projectDirPath = "";
			projectRoot = "";
			targets = (
				DD75901628EF6EE40002214F /* Pictures everywhere! UiKit */,
			);
		};
/* End PBXProject section */

/* Begin PBXResourcesBuildPhase section */
		DD75901528EF6EE40002214F /* Resources */ = {
			isa = PBXResourcesBuildPhase;
			buildActionMask = 2147483647;
			files = (
				DD75902A28EF6EE50002214F /* LaunchScreen.storyboard in Resources */,
				DD75902728EF6EE50002214F /* Assets.xcassets in Resources */,
				DD75902228EF6EE40002214F /* Main.storyboard in Resources */,
			);
			runOnlyForDeploymentPostprocessing = 0;
		};
/* End PBXResourcesBuildPhase section */

/* Begin PBXSourcesBuildPhase section */
		DD75901328EF6EE40002214F /* Sources */ = {
			isa = PBXSourcesBuildPhase;
			buildActionMask = 2147483647;
			files = (
				DD75901F28EF6EE40002214F /* ViewController.swift in Sources */,
				DD75901B28EF6EE40002214F /* AppDelegate.swift in Sources */,
				DD75901D28EF6EE40002214F /* SceneDelegate.swift in Sources */,
				DD75902528EF6EE40002214F /* Pictures_everywhere__UiKit.xcdatamodeld in Sources */,
			);
			runOnlyForDeploymentPostprocessing = 0;
		};
/* End PBXSourcesBuildPhase section */

/* Begin PBXVariantGroup section */
		DD75902028EF6EE40002214F /* Main.storyboard */ = {
			isa = PBXVariantGroup;
			children = (
				DD75902128EF6EE40002214F /* Base */,
			);
			name = Main.storyboard;
			sourceTree = "<group>";
		};
		DD75902828EF6EE50002214F /* LaunchScreen.storyboard */ = {
			isa = PBXVariantGroup;
			children = (
				DD75902928EF6EE50002214F /* Base */,
			);
			name = LaunchScreen.storyboard;
			sourceTree = "<group>";
		};
/* End PBXVariantGroup section */

/* Begin XCBuildConfiguration section */
		DD75902C28EF6EE50002214F /* Debug */ = {
			isa = XCBuildConfiguration;
			buildSettings = {
				ALWAYS_SEARCH_USER_PATHS = NO;
				CLANG_ANALYZER_NONNULL = YES;
				CLANG_ANALYZER_NUMBER_OBJECT_CONVERSION = YES_AGGRESSIVE;
				CLANG_CXX_LANGUAGE_STANDARD = "gnu++17";
				CLANG_CXX_LIBRARY = "libc++";
				CLANG_ENABLE_MODULES = YES;
				CLANG_ENABLE_OBJC_ARC = YES;
				CLANG_ENABLE_OBJC_WEAK = YES;
				CLANG_WARN_BLOCK_CAPTURE_AUTORELEASING = YES;
				CLANG_WARN_BOOL_CONVERSION = YES;
				CLANG_WARN_COMMA = YES;
				CLANG_WARN_CONSTANT_CONVERSION = YES;
				CLANG_WARN_DEPRECATED_OBJC_IMPLEMENTATIONS = YES;
				CLANG_WARN_DIRECT_OBJC_ISA_USAGE = YES_ERROR;
				CLANG_WARN_DOCUMENTATION_COMMENTS = YES;
				CLANG_WARN_EMPTY_BODY = YES;
				CLANG_WARN_ENUM_CONVERSION = YES;
				CLANG_WARN_INFINITE_RECURSION = YES;
				CLANG_WARN_INT_CONVERSION = YES;
				CLANG_WARN_NON_LITERAL_NULL_CONVERSION = YES;
				CLANG_WARN_OBJC_IMPLICIT_RETAIN_SELF = YES;
				CLANG_WARN_OBJC_LITERAL_CONVERSION = YES;
				CLANG_WARN_OBJC_ROOT_CLASS = YES_ERROR;
				CLANG_WARN_QUOTED_INCLUDE_IN_FRAMEWORK_HEADER = YES;
				CLANG_WARN_RANGE_LOOP_ANALYSIS = YES;
				CLANG_WARN_STRICT_PROTOTYPES = YES;
				CLANG_WARN_SUSPICIOUS_MOVE = YES;
				CLANG_WARN_UNGUARDED_AVAILABILITY = YES_AGGRESSIVE;
				CLANG_WARN_UNREACHABLE_CODE = YES;
				CLANG_WARN__DUPLICATE_METHOD_MATCH = YES;
				COPY_PHASE_STRIP = NO;
				DEBUG_INFORMATION_FORMAT = dwarf;
				ENABLE_STRICT_OBJC_MSGSEND = YES;
				ENABLE_TESTABILITY = YES;
				GCC_C_LANGUAGE_STANDARD = gnu11;
				GCC_DYNAMIC_NO_PIC = NO;
				GCC_NO_COMMON_BLOCKS = YES;
				GCC_OPTIMIZATION_LEVEL = 0;
				GCC_PREPROCESSOR_DEFINITIONS = (
					"DEBUG=1",
					"$(inherited)",
				);
				GCC_WARN_64_TO_32_BIT_CONVERSION = YES;
				GCC_WARN_ABOUT_RETURN_TYPE = YES_ERROR;
				GCC_WARN_UNDECLARED_SELECTOR = YES;
				GCC_WARN_UNINITIALIZED_AUTOS = YES_AGGRESSIVE;
				GCC_WARN_UNUSED_FUNCTION = YES;
				GCC_WARN_UNUSED_VARIABLE = YES;
				IPHONEOS_DEPLOYMENT_TARGET = 15.2;
				MTL_ENABLE_DEBUG_INFO = INCLUDE_SOURCE;
				MTL_FAST_MATH = YES;
				ONLY_ACTIVE_ARCH = YES;
				SDKROOT = iphoneos;
				SWIFT_ACTIVE_COMPILATION_CONDITIONS = DEBUG;
				SWIFT_OPTIMIZATION_LEVEL = "-Onone";
			};
			name = Debug;
		};
		DD75902D28EF6EE50002214F /* Release */ = {
			isa = XCBuildConfiguration;
			buildSettings = {
				ALWAYS_SEARCH_USER_PATHS = NO;
				CLANG_ANALYZER_NONNULL = YES;
				CLANG_ANALYZER_NUMBER_OBJECT_CONVERSION = YES_AGGRESSIVE;
				CLANG_CXX_LANGUAGE_STANDARD = "gnu++17";
				CLANG_CXX_LIBRARY = "libc++";
				CLANG_ENABLE_MODULES = YES;
				CLANG_ENABLE_OBJC_ARC = YES;
				CLANG_ENABLE_OBJC_WEAK = YES;
				CLANG_WARN_BLOCK_CAPTURE_AUTORELEASING = YES;
				CLANG_WARN_BOOL_CONVERSION = YES;
				CLANG_WARN_COMMA = YES;
				CLANG_WARN_CONSTANT_CONVERSION = YES;
				CLANG_WARN_DEPRECATED_OBJC_IMPLEMENTATIONS = YES;
				CLANG_WARN_DIRECT_OBJC_ISA_USAGE = YES_ERROR;
				CLANG_WARN_DOCUMENTATION_COMMENTS = YES;
				CLANG_WARN_EMPTY_BODY = YES;
				CLANG_WARN_ENUM_CONVERSION = YES;
				CLANG_WARN_INFINITE_RECURSION = YES;
				CLANG_WARN_INT_CONVERSION = YES;
				CLANG_WARN_NON_LITERAL_NULL_CONVERSION = YES;
				CLANG_WARN_OBJC_IMPLICIT_RETAIN_SELF = YES;
				CLANG_WARN_OBJC_LITERAL_CONVERSION = YES;
				CLANG_WARN_OBJC_ROOT_CLASS = YES_ERROR;
				CLANG_WARN_QUOTED_INCLUDE_IN_FRAMEWORK_HEADER = YES;
				CLANG_WARN_RANGE_LOOP_ANALYSIS = YES;
				CLANG_WARN_STRICT_PROTOTYPES = YES;
				CLANG_WARN_SUSPICIOUS_MOVE = YES;
				CLANG_WARN_UNGUARDED_AVAILABILITY = YES_AGGRESSIVE;
				CLANG_WARN_UNREACHABLE_CODE = YES;
				CLANG_WARN__DUPLICATE_METHOD_MATCH = YES;
				COPY_PHASE_STRIP = NO;
				DEBUG_INFORMATION_FORMAT = "dwarf-with-dsym";
				ENABLE_NS_ASSERTIONS = NO;
				ENABLE_STRICT_OBJC_MSGSEND = YES;
				GCC_C_LANGUAGE_STANDARD = gnu11;
				GCC_NO_COMMON_BLOCKS = YES;
				GCC_WARN_64_TO_32_BIT_CONVERSION = YES;
				GCC_WARN_ABOUT_RETURN_TYPE = YES_ERROR;
				GCC_WARN_UNDECLARED_SELECTOR = YES;
				GCC_WARN_UNINITIALIZED_AUTOS = YES_AGGRESSIVE;
				GCC_WARN_UNUSED_FUNCTION = YES;
				GCC_WARN_UNUSED_VARIABLE = YES;
				IPHONEOS_DEPLOYMENT_TARGET = 15.2;
				MTL_ENABLE_DEBUG_INFO = NO;
				MTL_FAST_MATH = YES;
				SDKROOT = iphoneos;
				SWIFT_COMPILATION_MODE = wholemodule;
				SWIFT_OPTIMIZATION_LEVEL = "-O";
				VALIDATE_PRODUCT = YES;
			};
			name = Release;
		};
		DD75902F28EF6EE50002214F /* Debug */ = {
			isa = XCBuildConfiguration;
			buildSettings = {
				ASSETCATALOG_COMPILER_APPICON_NAME = AppIcon;
				ASSETCATALOG_COMPILER_GLOBAL_ACCENT_COLOR_NAME = AccentColor;
				CODE_SIGN_STYLE = Automatic;
				CURRENT_PROJECT_VERSION = 1;
				DEVELOPMENT_TEAM = 363T9DTZQA;
				GENERATE_INFOPLIST_FILE = YES;
				INFOPLIST_FILE = "Pictures everywhere! UiKit/Info.plist";
				INFOPLIST_KEY_UIApplicationSupportsIndirectInputEvents = YES;
				INFOPLIST_KEY_UILaunchStoryboardName = LaunchScreen;
				INFOPLIST_KEY_UIMainStoryboardFile = Main;
				INFOPLIST_KEY_UISupportedInterfaceOrientations_iPad = "UIInterfaceOrientationPortrait UIInterfaceOrientationPortraitUpsideDown UIInterfaceOrientationLandscapeLeft UIInterfaceOrientationLandscapeRight";
				INFOPLIST_KEY_UISupportedInterfaceOrientations_iPhone = "UIInterfaceOrientationPortrait UIInterfaceOrientationLandscapeLeft UIInterfaceOrientationLandscapeRight";
				LD_RUNPATH_SEARCH_PATHS = (
					"$(inherited)",
					"@executable_path/Frameworks",
				);
				MARKETING_VERSION = 1.0;
				PRODUCT_BUNDLE_IDENTIFIER = "pics.everywhere-ios.Pictures-everywhere--UiKit";
				PRODUCT_NAME = "$(TARGET_NAME)";
				SWIFT_EMIT_LOC_STRINGS = YES;
				SWIFT_VERSION = 5.0;
				TARGETED_DEVICE_FAMILY = "1,2";
			};
			name = Debug;
		};
		DD75903028EF6EE50002214F /* Release */ = {
			isa = XCBuildConfiguration;
			buildSettings = {
				ASSETCATALOG_COMPILER_APPICON_NAME = AppIcon;
				ASSETCATALOG_COMPILER_GLOBAL_ACCENT_COLOR_NAME = AccentColor;
				CODE_SIGN_STYLE = Automatic;
				CURRENT_PROJECT_VERSION = 1;
				DEVELOPMENT_TEAM = 363T9DTZQA;
				GENERATE_INFOPLIST_FILE = YES;
				INFOPLIST_FILE = "Pictures everywhere! UiKit/Info.plist";
				INFOPLIST_KEY_UIApplicationSupportsIndirectInputEvents = YES;
				INFOPLIST_KEY_UILaunchStoryboardName = LaunchScreen;
				INFOPLIST_KEY_UIMainStoryboardFile = Main;
				INFOPLIST_KEY_UISupportedInterfaceOrientations_iPad = "UIInterfaceOrientationPortrait UIInterfaceOrientationPortraitUpsideDown UIInterfaceOrientationLandscapeLeft UIInterfaceOrientationLandscapeRight";
				INFOPLIST_KEY_UISupportedInterfaceOrientations_iPhone = "UIInterfaceOrientationPortrait UIInterfaceOrientationLandscapeLeft UIInterfaceOrientationLandscapeRight";
				LD_RUNPATH_SEARCH_PATHS = (
					"$(inherited)",
					"@executable_path/Frameworks",
				);
				MARKETING_VERSION = 1.0;
				PRODUCT_BUNDLE_IDENTIFIER = "pics.everywhere-ios.Pictures-everywhere--UiKit";
				PRODUCT_NAME = "$(TARGET_NAME)";
				SWIFT_EMIT_LOC_STRINGS = YES;
				SWIFT_VERSION = 5.0;
				TARGETED_DEVICE_FAMILY = "1,2";
			};
			name = Release;
		};
/* End XCBuildConfiguration section */

/* Begin XCConfigurationList section */
		DD75901228EF6EE40002214F /* Build configuration list for PBXProject "Pictures everywhere! UiKit" */ = {
			isa = XCConfigurationList;
			buildConfigurations = (
				DD75902C28EF6EE50002214F /* Debug */,
				DD75902D28EF6EE50002214F /* Release */,
			);
			defaultConfigurationIsVisible = 0;
			defaultConfigurationName = Release;
		};
		DD75902E28EF6EE50002214F /* Build configuration list for PBXNativeTarget "Pictures everywhere! UiKit" */ = {
			isa = XCConfigurationList;
			buildConfigurations = (
				DD75902F28EF6EE50002214F /* Debug */,
				DD75903028EF6EE50002214F /* Release */,
			);
			defaultConfigurationIsVisible = 0;
			defaultConfigurationName = Release;
		};
/* End XCConfigurationList section */

/* Begin XCVersionGroup section */
		DD75902328EF6EE40002214F /* Pictures_everywhere__UiKit.xcdatamodeld */ = {
			isa = XCVersionGroup;
			children = (
				DD75902428EF6EE40002214F /* Pictures_everywhere__UiKit.xcdatamodel */,
			);
			currentVersion = DD75902428EF6EE40002214F /* Pictures_everywhere__UiKit.xcdatamodel */;
			path = Pictures_everywhere__UiKit.xcdatamodeld;
			sourceTree = "<group>";
			versionGroupType = wrapper.xcdatamodel;
		};
/* End XCVersionGroup section */
	};
	rootObject = DD75900F28EF6EE40002214F /* Project object */;
}
